
Microsoft Visual Studio Solution File, Format Version 12.00
# Visual Studio Version 17
VisualStudioVersion = 17.2.32519.379
MinimumVisualStudioVersion = 10.0.40219.1
Project("{9A19103F-16F7-4668-BE54-9A1E7A4F7556}") = "SimpleSleep", "SimpleSleep.csproj", "{0C8A840C-0E1A-4D24-B2DF-DD5DCE6A816F}"
EndProject
Project("{FAE04EC0-301F-11D3-BF4B-00C04F79EFBC}") = "SimpleSleepCore", "..\SimpleSleepCore\SimpleSleepCore.csproj", "{3D2D1DFA-3592-4AE8-B624-7667AD7AB546}"
EndProject
Project("{FAE04EC0-301F-11D3-BF4B-00C04F79EFBC}") = "SimpleSleepTest", "..\SimpleSleepTest\SimpleSleepTest.csproj", "{A1B66E53-9BA0-4642-B566-27F1D16D90F6}"
EndProject
Project("{FAE04EC0-301F-11D3-BF4B-00C04F79EFBC}") = "SimpleFormUI", "..\SimpleFormUI\SimpleFormUI.csproj", "{6E016199-235B-4DDA-8451-4FB702D1F4CE}"
EndProject
Global
	GlobalSection(SolutionConfigurationPlatforms) = preSolution
		Debug|Any CPU = Debug|Any CPU
		Release|Any CPU = Release|Any CPU
	EndGlobalSection
	GlobalSection(ProjectConfigurationPlatforms) = postSolution
		{0C8A840C-0E1A-4D24-B2DF-DD5DCE6A816F}.Debug|Any CPU.ActiveCfg = Debug|Any CPU
		{0C8A840C-0E1A-4D24-B2DF-DD5DCE6A816F}.Debug|Any CPU.Build.0 = Debug|Any CPU
		{0C8A840C-0E1A-4D24-B2DF-DD5DCE6A816F}.Release|Any CPU.ActiveCfg = Release|Any CPU
		{0C8A840C-0E1A-4D24-B2DF-DD5DCE6A816F}.Release|Any CPU.Build.0 = Release|Any CPU
		{3D2D1DFA-3592-4AE8-B624-7667AD7AB546}.Debug|Any CPU.ActiveCfg = Debug|Any CPU
		{3D2D1DFA-3592-4AE8-B624-7667AD7AB546}.Debug|Any CPU.Build.0 = Debug|Any CPU
		{3D2D1DFA-3592-4AE8-B624-7667AD7AB546}.Release|Any CPU.ActiveCfg = Release|Any CPU
		{3D2D1DFA-3592-4AE8-B624-7667AD7AB546}.Release|Any CPU.Build.0 = Release|Any CPU
		{A1B66E53-9BA0-4642-B566-27F1D16D90F6}.Debug|Any CPU.ActiveCfg = Debug|Any CPU
		{A1B66E53-9BA0-4642-B566-27F1D16D90F6}.Debug|Any CPU.Build.0 = Debug|Any CPU
		{A1B66E53-9BA0-4642-B566-27F1D16D90F6}.Release|Any CPU.ActiveCfg = Release|Any CPU
		{A1B66E53-9BA0-4642-B566-27F1D16D90F6}.Release|Any CPU.Build.0 = Release|Any CPU
		{6E016199-235B-4DDA-8451-4FB702D1F4CE}.Debug|Any CPU.ActiveCfg = Debug|Any CPU
		{6E016199-235B-4DDA-8451-4FB702D1F4CE}.Debug|Any CPU.Build.0 = Debug|Any CPU
		{6E016199-235B-4DDA-8451-4FB702D1F4CE}.Release|Any CPU.ActiveCfg = Release|Any CPU
		{6E016199-235B-4DDA-8451-4FB702D1F4CE}.Release|Any CPU.Build.0 = Release|Any CPU
	EndGlobalSection
	GlobalSection(SolutionProperties) = preSolution
		HideSolutionNode = FALSE
	EndGlobalSection
	GlobalSection(ExtensibilityGlobals) = postSolution
		SolutionGuid = {7D2BC1C5-08CF-4DD8-92CE-26F6AA3DBBD1}
	EndGlobalSection
EndGlobal
